
Microsoft Visual Studio Solution File, Format Version 12.00
# Visual Studio Version 17
VisualStudioVersion = 17.7.34221.43
MinimumVisualStudioVersion = 10.0.40219.1
Project("{2150E333-8FDC-42A3-9474-1A3956D46DE8}") = "src", "src", "{D484EF47-9BA4-4268-9612-9E2857A368AF}"
EndProject
Project("{FAE04EC0-301F-11D3-BF4B-00C04F79EFBC}") = "StudyThink.Api", "StudyThink.Api\StudyThink.Api.csproj", "{D79A6485-7746-49D5-AA36-3897C387A6EF}"
EndProject
Global
	GlobalSection(SolutionConfigurationPlatforms) = preSolution
		Debug|Any CPU = Debug|Any CPU
		Release|Any CPU = Release|Any CPU
	EndGlobalSection
	GlobalSection(ProjectConfigurationPlatforms) = postSolution
		{D79A6485-7746-49D5-AA36-3897C387A6EF}.Debug|Any CPU.ActiveCfg = Debug|Any CPU
		{D79A6485-7746-49D5-AA36-3897C387A6EF}.Debug|Any CPU.Build.0 = Debug|Any CPU
		{D79A6485-7746-49D5-AA36-3897C387A6EF}.Release|Any CPU.ActiveCfg = Release|Any CPU
		{D79A6485-7746-49D5-AA36-3897C387A6EF}.Release|Any CPU.Build.0 = Release|Any CPU
	EndGlobalSection
	GlobalSection(SolutionProperties) = preSolution
		HideSolutionNode = FALSE
	EndGlobalSection
	GlobalSection(NestedProjects) = preSolution
		{D79A6485-7746-49D5-AA36-3897C387A6EF} = {D484EF47-9BA4-4268-9612-9E2857A368AF}
	EndGlobalSection
	GlobalSection(ExtensibilityGlobals) = postSolution
		SolutionGuid = {EDD92DF8-7B85-4E67-BB1E-E7B660D61BA9}
	EndGlobalSection
EndGlobal
