
Microsoft Visual Studio Solution File, Format Version 12.00
# Visual Studio Version 17
VisualStudioVersion = 17.0.31903.59
MinimumVisualStudioVersion = 10.0.40219.1
Project("{2150E333-8FDC-42A3-9474-1A3956D46DE8}") = "src", "src", "{233D23AF-BBC7-4472-90DA-7EC14BB9F889}"
EndProject
Project("{FAE04EC0-301F-11D3-BF4B-00C04F79EFBC}") = "StudyThink.Api", "StudyThink.Api\StudyThink.Api.csproj", "{F5BD994A-3B80-4A96-B2B9-BD766D7BF0DC}"
EndProject
Global
	GlobalSection(SolutionConfigurationPlatforms) = preSolution
		Debug|Any CPU = Debug|Any CPU
		Release|Any CPU = Release|Any CPU
	EndGlobalSection
	GlobalSection(ProjectConfigurationPlatforms) = postSolution
		{F5BD994A-3B80-4A96-B2B9-BD766D7BF0DC}.Debug|Any CPU.ActiveCfg = Debug|Any CPU
		{F5BD994A-3B80-4A96-B2B9-BD766D7BF0DC}.Debug|Any CPU.Build.0 = Debug|Any CPU
		{F5BD994A-3B80-4A96-B2B9-BD766D7BF0DC}.Release|Any CPU.ActiveCfg = Release|Any CPU
		{F5BD994A-3B80-4A96-B2B9-BD766D7BF0DC}.Release|Any CPU.Build.0 = Release|Any CPU
	EndGlobalSection
	GlobalSection(SolutionProperties) = preSolution
		HideSolutionNode = FALSE
	EndGlobalSection
	GlobalSection(NestedProjects) = preSolution
		{F5BD994A-3B80-4A96-B2B9-BD766D7BF0DC} = {233D23AF-BBC7-4472-90DA-7EC14BB9F889}
	EndGlobalSection
	GlobalSection(ExtensibilityGlobals) = postSolution
		SolutionGuid = {87604423-560B-49A2-B9A3-EFB0A2763A0F}
	EndGlobalSection
EndGlobal
